
Microsoft Visual Studio Solution File, Format Version 12.00
# Visual Studio 14
VisualStudioVersion = 14.0.25420.1
MinimumVisualStudioVersion = 10.0.40219.1
Project("{FAE04EC0-301F-11D3-BF4B-00C04F79EFBC}") = "FinalProject-UW", "FinalProject-UW\FinalProject-UW.csproj", "{B080477B-9CE9-47CF-94E9-098C27519E75}"
EndProject
Project("{FAE04EC0-301F-11D3-BF4B-00C04F79EFBC}") = "ClassWork-UW", "ConsoleApplication1\ClassWork-UW.csproj", "{1E9EBFAF-E52F-463E-A8BE-1ED7A9FFB9D9}"
EndProject
Project("{2150E333-8FDC-42A3-9474-1A3956D46DE8}") = "NewFolder1", "NewFolder1", "{D53B6F7D-0884-460B-9593-82F39191829E}"
EndProject
Project("{FAE04EC0-301F-11D3-BF4B-00C04F79EFBC}") = "Anonymous", "Anonymous\Anonymous.csproj", "{E4E5BA1B-BC82-47F5-B7E2-6A45061D4CDC}"
EndProject
Global
	GlobalSection(SolutionConfigurationPlatforms) = preSolution
		Debug|Any CPU = Debug|Any CPU
		Release|Any CPU = Release|Any CPU
	EndGlobalSection
	GlobalSection(ProjectConfigurationPlatforms) = postSolution
		{B080477B-9CE9-47CF-94E9-098C27519E75}.Debug|Any CPU.ActiveCfg = Debug|Any CPU
		{B080477B-9CE9-47CF-94E9-098C27519E75}.Debug|Any CPU.Build.0 = Debug|Any CPU
		{B080477B-9CE9-47CF-94E9-098C27519E75}.Release|Any CPU.ActiveCfg = Release|Any CPU
		{B080477B-9CE9-47CF-94E9-098C27519E75}.Release|Any CPU.Build.0 = Release|Any CPU
		{1E9EBFAF-E52F-463E-A8BE-1ED7A9FFB9D9}.Debug|Any CPU.ActiveCfg = Debug|Any CPU
		{1E9EBFAF-E52F-463E-A8BE-1ED7A9FFB9D9}.Debug|Any CPU.Build.0 = Debug|Any CPU
		{1E9EBFAF-E52F-463E-A8BE-1ED7A9FFB9D9}.Release|Any CPU.ActiveCfg = Release|Any CPU
		{1E9EBFAF-E52F-463E-A8BE-1ED7A9FFB9D9}.Release|Any CPU.Build.0 = Release|Any CPU
		{E4E5BA1B-BC82-47F5-B7E2-6A45061D4CDC}.Debug|Any CPU.ActiveCfg = Debug|Any CPU
		{E4E5BA1B-BC82-47F5-B7E2-6A45061D4CDC}.Debug|Any CPU.Build.0 = Debug|Any CPU
		{E4E5BA1B-BC82-47F5-B7E2-6A45061D4CDC}.Release|Any CPU.ActiveCfg = Release|Any CPU
		{E4E5BA1B-BC82-47F5-B7E2-6A45061D4CDC}.Release|Any CPU.Build.0 = Release|Any CPU
	EndGlobalSection
	GlobalSection(SolutionProperties) = preSolution
		HideSolutionNode = FALSE
	EndGlobalSection
	GlobalSection(NestedProjects) = preSolution
		{E4E5BA1B-BC82-47F5-B7E2-6A45061D4CDC} = {D53B6F7D-0884-460B-9593-82F39191829E}
	EndGlobalSection
EndGlobal
